// !$*UTF8*$!
{
	archiveVersion = 1;
	classes = {
	};
	objectVersion = 50;
	objects = {

/* Begin PBXBuildFile section */
		8E518EF12A582F550035188F /* DetailViewController.swift in Sources */ = {isa = PBXBuildFile; fileRef = 8E518EF02A582F550035188F /* DetailViewController.swift */; };
		8E683D8C2A572BFA00F189F4 /* AppDelegate.swift in Sources */ = {isa = PBXBuildFile; fileRef = 8E683D8B2A572BFA00F189F4 /* AppDelegate.swift */; };
		8E683D8E2A572BFA00F189F4 /* SceneDelegate.swift in Sources */ = {isa = PBXBuildFile; fileRef = 8E683D8D2A572BFA00F189F4 /* SceneDelegate.swift */; };
		8E683D902A572BFA00F189F4 /* ViewController.swift in Sources */ = {isa = PBXBuildFile; fileRef = 8E683D8F2A572BFA00F189F4 /* ViewController.swift */; };
		8E683D932A572BFA00F189F4 /* Main.storyboard in Resources */ = {isa = PBXBuildFile; fileRef = 8E683D912A572BFA00F189F4 /* Main.storyboard */; };
		8E683D952A572BFD00F189F4 /* Assets.xcassets in Resources */ = {isa = PBXBuildFile; fileRef = 8E683D942A572BFD00F189F4 /* Assets.xcassets */; };
		8E683D982A572BFD00F189F4 /* LaunchScreen.storyboard in Resources */ = {isa = PBXBuildFile; fileRef = 8E683D962A572BFD00F189F4 /* LaunchScreen.storyboard */; };
		8E683DA02A57325C00F189F4 /* CharacterTableViewCell.swift in Sources */ = {isa = PBXBuildFile; fileRef = 8E683D9F2A57325C00F189F4 /* CharacterTableViewCell.swift */; };
		8ED650292A5742B70042F075 /* Adam.jpg in Resources */ = {isa = PBXBuildFile; fileRef = 8ED650232A5742B70042F075 /* Adam.jpg */; };
		8ED6502A2A5742B70042F075 /* Beth.png in Resources */ = {isa = PBXBuildFile; fileRef = 8ED650242A5742B70042F075 /* Beth.png */; };
		8ED6502B2A5742B70042F075 /* Jerry.png in Resources */ = {isa = PBXBuildFile; fileRef = 8ED650252A5742B70042F075 /* Jerry.png */; };
		8ED6502C2A5742B70042F075 /* Japheth.png in Resources */ = {isa = PBXBuildFile; fileRef = 8ED650262A5742B70042F075 /* Japheth.png */; };
		8ED6502D2A5742B70042F075 /* Rick.png in Resources */ = {isa = PBXBuildFile; fileRef = 8ED650272A5742B70042F075 /* Rick.png */; };
		8ED6502E2A5742B70042F075 /* Naruto.png in Resources */ = {isa = PBXBuildFile; fileRef = 8ED650282A5742B70042F075 /* Naruto.png */; };
/* End PBXBuildFile section */

/* Begin PBXFileReference section */
		8E518EF02A582F550035188F /* DetailViewController.swift */ = {isa = PBXFileReference; lastKnownFileType = sourcecode.swift; path = DetailViewController.swift; sourceTree = "<group>"; };
		8E683D882A572BFA00F189F4 /* UIKit_2.app */ = {isa = PBXFileReference; explicitFileType = wrapper.application; includeInIndex = 0; path = UIKit_2.app; sourceTree = BUILT_PRODUCTS_DIR; };
		8E683D8B2A572BFA00F189F4 /* AppDelegate.swift */ = {isa = PBXFileReference; lastKnownFileType = sourcecode.swift; path = AppDelegate.swift; sourceTree = "<group>"; };
		8E683D8D2A572BFA00F189F4 /* SceneDelegate.swift */ = {isa = PBXFileReference; lastKnownFileType = sourcecode.swift; path = SceneDelegate.swift; sourceTree = "<group>"; };
		8E683D8F2A572BFA00F189F4 /* ViewController.swift */ = {isa = PBXFileReference; lastKnownFileType = sourcecode.swift; path = ViewController.swift; sourceTree = "<group>"; };
		8E683D922A572BFA00F189F4 /* Base */ = {isa = PBXFileReference; lastKnownFileType = file.storyboard; name = Base; path = Base.lproj/Main.storyboard; sourceTree = "<group>"; };
		8E683D942A572BFD00F189F4 /* Assets.xcassets */ = {isa = PBXFileReference; lastKnownFileType = folder.assetcatalog; path = Assets.xcassets; sourceTree = "<group>"; };
		8E683D972A572BFD00F189F4 /* Base */ = {isa = PBXFileReference; lastKnownFileType = file.storyboard; name = Base; path = Base.lproj/LaunchScreen.storyboard; sourceTree = "<group>"; };
		8E683D992A572BFD00F189F4 /* Info.plist */ = {isa = PBXFileReference; lastKnownFileType = text.plist.xml; path = Info.plist; sourceTree = "<group>"; };
		8E683D9F2A57325C00F189F4 /* CharacterTableViewCell.swift */ = {isa = PBXFileReference; lastKnownFileType = sourcecode.swift; path = CharacterTableViewCell.swift; sourceTree = "<group>"; };
		8ED650232A5742B70042F075 /* Adam.jpg */ = {isa = PBXFileReference; lastKnownFileType = image.jpeg; path = Adam.jpg; sourceTree = "<group>"; };
		8ED650242A5742B70042F075 /* Beth.png */ = {isa = PBXFileReference; lastKnownFileType = image.png; path = Beth.png; sourceTree = "<group>"; };
		8ED650252A5742B70042F075 /* Jerry.png */ = {isa = PBXFileReference; lastKnownFileType = image.png; path = Jerry.png; sourceTree = "<group>"; };
		8ED650262A5742B70042F075 /* Japheth.png */ = {isa = PBXFileReference; lastKnownFileType = image.png; path = Japheth.png; sourceTree = "<group>"; };
		8ED650272A5742B70042F075 /* Rick.png */ = {isa = PBXFileReference; lastKnownFileType = image.png; path = Rick.png; sourceTree = "<group>"; };
		8ED650282A5742B70042F075 /* Naruto.png */ = {isa = PBXFileReference; lastKnownFileType = image.png; path = Naruto.png; sourceTree = "<group>"; };
/* End PBXFileReference section */

/* Begin PBXFrameworksBuildPhase section */
		8E683D852A572BFA00F189F4 /* Frameworks */ = {
			isa = PBXFrameworksBuildPhase;
			buildActionMask = 2147483647;
			files = (
			);
			runOnlyForDeploymentPostprocessing = 0;
		};
/* End PBXFrameworksBuildPhase section */

/* Begin PBXGroup section */
		8E683D7F2A572BF900F189F4 = {
			isa = PBXGroup;
			children = (
				8E683D8A2A572BFA00F189F4 /* UIKit_2 */,
				8E683D892A572BFA00F189F4 /* Products */,
			);
			sourceTree = "<group>";
		};
		8E683D892A572BFA00F189F4 /* Products */ = {
			isa = PBXGroup;
			children = (
				8E683D882A572BFA00F189F4 /* UIKit_2.app */,
			);
			name = Products;
			sourceTree = "<group>";
		};
		8E683D8A2A572BFA00F189F4 /* UIKit_2 */ = {
			isa = PBXGroup;
			children = (
				8E683D8B2A572BFA00F189F4 /* AppDelegate.swift */,
				8E683D8D2A572BFA00F189F4 /* SceneDelegate.swift */,
				8E683D8F2A572BFA00F189F4 /* ViewController.swift */,
				8E683D912A572BFA00F189F4 /* Main.storyboard */,
				8E683D942A572BFD00F189F4 /* Assets.xcassets */,
				8ED650232A5742B70042F075 /* Adam.jpg */,
				8ED650242A5742B70042F075 /* Beth.png */,
				8ED650262A5742B70042F075 /* Japheth.png */,
				8ED650252A5742B70042F075 /* Jerry.png */,
				8ED650282A5742B70042F075 /* Naruto.png */,
				8ED650272A5742B70042F075 /* Rick.png */,
				8E683D962A572BFD00F189F4 /* LaunchScreen.storyboard */,
				8E683D992A572BFD00F189F4 /* Info.plist */,
				8E683D9F2A57325C00F189F4 /* CharacterTableViewCell.swift */,
				8E518EF02A582F550035188F /* DetailViewController.swift */,
			);
			path = UIKit_2;
			sourceTree = "<group>";
		};
/* End PBXGroup section */

/* Begin PBXNativeTarget section */
		8E683D872A572BFA00F189F4 /* UIKit_2 */ = {
			isa = PBXNativeTarget;
			buildConfigurationList = 8E683D9C2A572BFD00F189F4 /* Build configuration list for PBXNativeTarget "UIKit_2" */;
			buildPhases = (
				8E683D842A572BFA00F189F4 /* Sources */,
				8E683D852A572BFA00F189F4 /* Frameworks */,
				8E683D862A572BFA00F189F4 /* Resources */,
			);
			buildRules = (
			);
			dependencies = (
			);
			name = UIKit_2;
			productName = UIKit_2;
			productReference = 8E683D882A572BFA00F189F4 /* UIKit_2.app */;
			productType = "com.apple.product-type.application";
		};
/* End PBXNativeTarget section */

/* Begin PBXProject section */
		8E683D802A572BF900F189F4 /* Project object */ = {
			isa = PBXProject;
			attributes = {
				LastSwiftUpdateCheck = 1250;
				LastUpgradeCheck = 1250;
				TargetAttributes = {
					8E683D872A572BFA00F189F4 = {
						CreatedOnToolsVersion = 12.5.1;
					};
				};
			};
			buildConfigurationList = 8E683D832A572BFA00F189F4 /* Build configuration list for PBXProject "UIKit_2" */;
			compatibilityVersion = "Xcode 9.3";
			developmentRegion = en;
			hasScannedForEncodings = 0;
			knownRegions = (
				en,
				Base,
			);
			mainGroup = 8E683D7F2A572BF900F189F4;
			productRefGroup = 8E683D892A572BFA00F189F4 /* Products */;
			projectDirPath = "";
			projectRoot = "";
			targets = (
				8E683D872A572BFA00F189F4 /* UIKit_2 */,
			);
		};
/* End PBXProject section */

/* Begin PBXResourcesBuildPhase section */
		8E683D862A572BFA00F189F4 /* Resources */ = {
			isa = PBXResourcesBuildPhase;
			buildActionMask = 2147483647;
			files = (
				8ED6502C2A5742B70042F075 /* Japheth.png in Resources */,
				8E683D982A572BFD00F189F4 /* LaunchScreen.storyboard in Resources */,
				8E683D952A572BFD00F189F4 /* Assets.xcassets in Resources */,
				8ED6502E2A5742B70042F075 /* Naruto.png in Resources */,
				8ED6502A2A5742B70042F075 /* Beth.png in Resources */,
				8ED6502D2A5742B70042F075 /* Rick.png in Resources */,
				8ED650292A5742B70042F075 /* Adam.jpg in Resources */,
				8ED6502B2A5742B70042F075 /* Jerry.png in Resources */,
				8E683D932A572BFA00F189F4 /* Main.storyboard in Resources */,
			);
			runOnlyForDeploymentPostprocessing = 0;
		};
/* End PBXResourcesBuildPhase section */

/* Begin PBXSourcesBuildPhase section */
		8E683D842A572BFA00F189F4 /* Sources */ = {
			isa = PBXSourcesBuildPhase;
			buildActionMask = 2147483647;
			files = (
				8E683D902A572BFA00F189F4 /* ViewController.swift in Sources */,
				8E683D8C2A572BFA00F189F4 /* AppDelegate.swift in Sources */,
				8E518EF12A582F550035188F /* DetailViewController.swift in Sources */,
				8E683D8E2A572BFA00F189F4 /* SceneDelegate.swift in Sources */,
				8E683DA02A57325C00F189F4 /* CharacterTableViewCell.swift in Sources */,
			);
			runOnlyForDeploymentPostprocessing = 0;
		};
/* End PBXSourcesBuildPhase section */

/* Begin PBXVariantGroup section */
		8E683D912A572BFA00F189F4 /* Main.storyboard */ = {
			isa = PBXVariantGroup;
			children = (
				8E683D922A572BFA00F189F4 /* Base */,
			);
			name = Main.storyboard;
			sourceTree = "<group>";
		};
		8E683D962A572BFD00F189F4 /* LaunchScreen.storyboard */ = {
			isa = PBXVariantGroup;
			children = (
				8E683D972A572BFD00F189F4 /* Base */,
			);
			name = LaunchScreen.storyboard;
			sourceTree = "<group>";
		};
/* End PBXVariantGroup section */

/* Begin XCBuildConfiguration section */
		8E683D9A2A572BFD00F189F4 /* Debug */ = {
			isa = XCBuildConfiguration;
			buildSettings = {
				ALWAYS_SEARCH_USER_PATHS = NO;
				CLANG_ANALYZER_NONNULL = YES;
				CLANG_ANALYZER_NUMBER_OBJECT_CONVERSION = YES_AGGRESSIVE;
				CLANG_CXX_LANGUAGE_STANDARD = "gnu++14";
				CLANG_CXX_LIBRARY = "libc++";
				CLANG_ENABLE_MODULES = YES;
				CLANG_ENABLE_OBJC_ARC = YES;
				CLANG_ENABLE_OBJC_WEAK = YES;
				CLANG_WARN_BLOCK_CAPTURE_AUTORELEASING = YES;
				CLANG_WARN_BOOL_CONVERSION = YES;
				CLANG_WARN_COMMA = YES;
				CLANG_WARN_CONSTANT_CONVERSION = YES;
				CLANG_WARN_DEPRECATED_OBJC_IMPLEMENTATIONS = YES;
				CLANG_WARN_DIRECT_OBJC_ISA_USAGE = YES_ERROR;
				CLANG_WARN_DOCUMENTATION_COMMENTS = YES;
				CLANG_WARN_EMPTY_BODY = YES;
				CLANG_WARN_ENUM_CONVERSION = YES;
				CLANG_WARN_INFINITE_RECURSION = YES;
				CLANG_WARN_INT_CONVERSION = YES;
				CLANG_WARN_NON_LITERAL_NULL_CONVERSION = YES;
				CLANG_WARN_OBJC_IMPLICIT_RETAIN_SELF = YES;
				CLANG_WARN_OBJC_LITERAL_CONVERSION = YES;
				CLANG_WARN_OBJC_ROOT_CLASS = YES_ERROR;
				CLANG_WARN_QUOTED_INCLUDE_IN_FRAMEWORK_HEADER = YES;
				CLANG_WARN_RANGE_LOOP_ANALYSIS = YES;
				CLANG_WARN_STRICT_PROTOTYPES = YES;
				CLANG_WARN_SUSPICIOUS_MOVE = YES;
				CLANG_WARN_UNGUARDED_AVAILABILITY = YES_AGGRESSIVE;
				CLANG_WARN_UNREACHABLE_CODE = YES;
				CLANG_WARN__DUPLICATE_METHOD_MATCH = YES;
				COPY_PHASE_STRIP = NO;
				DEBUG_INFORMATION_FORMAT = dwarf;
				ENABLE_STRICT_OBJC_MSGSEND = YES;
				ENABLE_TESTABILITY = YES;
				GCC_C_LANGUAGE_STANDARD = gnu11;
				GCC_DYNAMIC_NO_PIC = NO;
				GCC_NO_COMMON_BLOCKS = YES;
				GCC_OPTIMIZATION_LEVEL = 0;
				GCC_PREPROCESSOR_DEFINITIONS = (
					"DEBUG=1",
					"$(inherited)",
				);
				GCC_WARN_64_TO_32_BIT_CONVERSION = YES;
				GCC_WARN_ABOUT_RETURN_TYPE = YES_ERROR;
				GCC_WARN_UNDECLARED_SELECTOR = YES;
				GCC_WARN_UNINITIALIZED_AUTOS = YES_AGGRESSIVE;
				GCC_WARN_UNUSED_FUNCTION = YES;
				GCC_WARN_UNUSED_VARIABLE = YES;
				IPHONEOS_DEPLOYMENT_TARGET = 14.5;
				MTL_ENABLE_DEBUG_INFO = INCLUDE_SOURCE;
				MTL_FAST_MATH = YES;
				ONLY_ACTIVE_ARCH = YES;
				SDKROOT = iphoneos;
				SWIFT_ACTIVE_COMPILATION_CONDITIONS = DEBUG;
				SWIFT_OPTIMIZATION_LEVEL = "-Onone";
			};
			name = Debug;
		};
		8E683D9B2A572BFD00F189F4 /* Release */ = {
			isa = XCBuildConfiguration;
			buildSettings = {
				ALWAYS_SEARCH_USER_PATHS = NO;
				CLANG_ANALYZER_NONNULL = YES;
				CLANG_ANALYZER_NUMBER_OBJECT_CONVERSION = YES_AGGRESSIVE;
				CLANG_CXX_LANGUAGE_STANDARD = "gnu++14";
				CLANG_CXX_LIBRARY = "libc++";
				CLANG_ENABLE_MODULES = YES;
				CLANG_ENABLE_OBJC_ARC = YES;
				CLANG_ENABLE_OBJC_WEAK = YES;
				CLANG_WARN_BLOCK_CAPTURE_AUTORELEASING = YES;
				CLANG_WARN_BOOL_CONVERSION = YES;
				CLANG_WARN_COMMA = YES;
				CLANG_WARN_CONSTANT_CONVERSION = YES;
				CLANG_WARN_DEPRECATED_OBJC_IMPLEMENTATIONS = YES;
				CLANG_WARN_DIRECT_OBJC_ISA_USAGE = YES_ERROR;
				CLANG_WARN_DOCUMENTATION_COMMENTS = YES;
				CLANG_WARN_EMPTY_BODY = YES;
				CLANG_WARN_ENUM_CONVERSION = YES;
				CLANG_WARN_INFINITE_RECURSION = YES;
				CLANG_WARN_INT_CONVERSION = YES;
				CLANG_WARN_NON_LITERAL_NULL_CONVERSION = YES;
				CLANG_WARN_OBJC_IMPLICIT_RETAIN_SELF = YES;
				CLANG_WARN_OBJC_LITERAL_CONVERSION = YES;
				CLANG_WARN_OBJC_ROOT_CLASS = YES_ERROR;
				CLANG_WARN_QUOTED_INCLUDE_IN_FRAMEWORK_HEADER = YES;
				CLANG_WARN_RANGE_LOOP_ANALYSIS = YES;
				CLANG_WARN_STRICT_PROTOTYPES = YES;
				CLANG_WARN_SUSPICIOUS_MOVE = YES;
				CLANG_WARN_UNGUARDED_AVAILABILITY = YES_AGGRESSIVE;
				CLANG_WARN_UNREACHABLE_CODE = YES;
				CLANG_WARN__DUPLICATE_METHOD_MATCH = YES;
				COPY_PHASE_STRIP = NO;
				DEBUG_INFORMATION_FORMAT = "dwarf-with-dsym";
				ENABLE_NS_ASSERTIONS = NO;
				ENABLE_STRICT_OBJC_MSGSEND = YES;
				GCC_C_LANGUAGE_STANDARD = gnu11;
				GCC_NO_COMMON_BLOCKS = YES;
				GCC_WARN_64_TO_32_BIT_CONVERSION = YES;
				GCC_WARN_ABOUT_RETURN_TYPE = YES_ERROR;
				GCC_WARN_UNDECLARED_SELECTOR = YES;
				GCC_WARN_UNINITIALIZED_AUTOS = YES_AGGRESSIVE;
				GCC_WARN_UNUSED_FUNCTION = YES;
				GCC_WARN_UNUSED_VARIABLE = YES;
				IPHONEOS_DEPLOYMENT_TARGET = 14.5;
				MTL_ENABLE_DEBUG_INFO = NO;
				MTL_FAST_MATH = YES;
				SDKROOT = iphoneos;
				SWIFT_COMPILATION_MODE = wholemodule;
				SWIFT_OPTIMIZATION_LEVEL = "-O";
				VALIDATE_PRODUCT = YES;
			};
			name = Release;
		};
		8E683D9D2A572BFD00F189F4 /* Debug */ = {
			isa = XCBuildConfiguration;
			buildSettings = {
				ASSETCATALOG_COMPILER_APPICON_NAME = AppIcon;
				ASSETCATALOG_COMPILER_GLOBAL_ACCENT_COLOR_NAME = AccentColor;
				CODE_SIGN_STYLE = Automatic;
				INFOPLIST_FILE = UIKit_2/Info.plist;
				LD_RUNPATH_SEARCH_PATHS = (
					"$(inherited)",
					"@executable_path/Frameworks",
				);
				PRODUCT_BUNDLE_IDENTIFIER = "iu.UIKit-2";
				PRODUCT_NAME = "$(TARGET_NAME)";
				SWIFT_VERSION = 5.0;
				TARGETED_DEVICE_FAMILY = "1,2";
			};
			name = Debug;
		};
		8E683D9E2A572BFD00F189F4 /* Release */ = {
			isa = XCBuildConfiguration;
			buildSettings = {
				ASSETCATALOG_COMPILER_APPICON_NAME = AppIcon;
				ASSETCATALOG_COMPILER_GLOBAL_ACCENT_COLOR_NAME = AccentColor;
				CODE_SIGN_STYLE = Automatic;
				INFOPLIST_FILE = UIKit_2/Info.plist;
				LD_RUNPATH_SEARCH_PATHS = (
					"$(inherited)",
					"@executable_path/Frameworks",
				);
				PRODUCT_BUNDLE_IDENTIFIER = "iu.UIKit-2";
				PRODUCT_NAME = "$(TARGET_NAME)";
				SWIFT_VERSION = 5.0;
				TARGETED_DEVICE_FAMILY = "1,2";
			};
			name = Release;
		};
/* End XCBuildConfiguration section */

/* Begin XCConfigurationList section */
		8E683D832A572BFA00F189F4 /* Build configuration list for PBXProject "UIKit_2" */ = {
			isa = XCConfigurationList;
			buildConfigurations = (
				8E683D9A2A572BFD00F189F4 /* Debug */,
				8E683D9B2A572BFD00F189F4 /* Release */,
			);
			defaultConfigurationIsVisible = 0;
			defaultConfigurationName = Release;
		};
		8E683D9C2A572BFD00F189F4 /* Build configuration list for PBXNativeTarget "UIKit_2" */ = {
			isa = XCConfigurationList;
			buildConfigurations = (
				8E683D9D2A572BFD00F189F4 /* Debug */,
				8E683D9E2A572BFD00F189F4 /* Release */,
			);
			defaultConfigurationIsVisible = 0;
			defaultConfigurationName = Release;
		};
/* End XCConfigurationList section */
	};
	rootObject = 8E683D802A572BF900F189F4 /* Project object */;
}
